Microsoft Visual Studio Solution File, Format Version 12.00
# Visual Studio Version 17
VisualStudioVersion = 17.4.33205.214
MinimumVisualStudioVersion = 10.0.40219.1
Project("{9A19103F-16F7-4668-BE54-9A1E7A4F7556}") = "DialogueTransformer.CsvGenerator", "DialogueTransformer.CsvGenerator\DialogueTransformer.CsvGenerator.csproj", "{8BA2E1B7-DD65-42B6-A780-17E4037A3C1B}"
EndProject
Project("{9A19103F-16F7-4668-BE54-9A1E7A4F7556}") = "DialogueTransformer.Patcher", "DialogueTransformer.Patcher\DialogueTransformer.Patcher.csproj", "{2F35F4A2-7906-454C-8280-141F826B094E}"
EndProject
Project("{9A19103F-16F7-4668-BE54-9A1E7A4F7556}") = "DialogueTransformer.Common", "DialogueTransformer.Common\DialogueTransformer.Common.csproj", "{CFA60181-CAB9-4BDC-A75E-641321E8DF0E}"
EndProject
Project("{FAE04EC0-301F-11D3-BF4B-00C04F79EFBC}") = "DialogueTransformer.CsvOutputMerger", "DialogueTransformer.CsvOutputMerger\DialogueTransformer.CsvOutputMerger.csproj", "{8A85D7C9-EA35-40EC-B880-3C2D603A05D0}"
EndProject
Global
	GlobalSection(SolutionConfigurationPlatforms) = preSolution
		Debug|Any CPU = Debug|Any CPU
		Release|Any CPU = Release|Any CPU
	EndGlobalSection
	GlobalSection(ProjectConfigurationPlatforms) = postSolution
		{8BA2E1B7-DD65-42B6-A780-17E4037A3C1B}.Debug|Any CPU.ActiveCfg = Debug|Any CPU
		{8BA2E1B7-DD65-42B6-A780-17E4037A3C1B}.Debug|Any CPU.Build.0 = Debug|Any CPU
		{8BA2E1B7-DD65-42B6-A780-17E4037A3C1B}.Release|Any CPU.ActiveCfg = Release|Any CPU
		{8BA2E1B7-DD65-42B6-A780-17E4037A3C1B}.Release|Any CPU.Build.0 = Release|Any CPU
		{2F35F4A2-7906-454C-8280-141F826B094E}.Debug|Any CPU.ActiveCfg = Debug|Any CPU
		{2F35F4A2-7906-454C-8280-141F826B094E}.Debug|Any CPU.Build.0 = Debug|Any CPU
		{2F35F4A2-7906-454C-8280-141F826B094E}.Release|Any CPU.ActiveCfg = Release|Any CPU
		{2F35F4A2-7906-454C-8280-141F826B094E}.Release|Any CPU.Build.0 = Release|Any CPU
		{CFA60181-CAB9-4BDC-A75E-641321E8DF0E}.Debug|Any CPU.ActiveCfg = Debug|Any CPU
		{CFA60181-CAB9-4BDC-A75E-641321E8DF0E}.Debug|Any CPU.Build.0 = Debug|Any CPU
		{CFA60181-CAB9-4BDC-A75E-641321E8DF0E}.Release|Any CPU.ActiveCfg = Release|Any CPU
		{CFA60181-CAB9-4BDC-A75E-641321E8DF0E}.Release|Any CPU.Build.0 = Release|Any CPU
		{8A85D7C9-EA35-40EC-B880-3C2D603A05D0}.Debug|Any CPU.ActiveCfg = Debug|Any CPU
		{8A85D7C9-EA35-40EC-B880-3C2D603A05D0}.Debug|Any CPU.Build.0 = Debug|Any CPU
		{8A85D7C9-EA35-40EC-B880-3C2D603A05D0}.Release|Any CPU.ActiveCfg = Release|Any CPU
		{8A85D7C9-EA35-40EC-B880-3C2D603A05D0}.Release|Any CPU.Build.0 = Release|Any CPU
	EndGlobalSection
	GlobalSection(SolutionProperties) = preSolution
		HideSolutionNode = FALSE
	EndGlobalSection
	GlobalSection(ExtensibilityGlobals) = postSolution
		SolutionGuid = {A5146EEA-D371-4B82-A6EB-6E189FC15059}
	EndGlobalSection
EndGlobal
